
Microsoft Visual Studio Solution File, Format Version 12.00
# Visual Studio Version 16
VisualStudioVersion = 16.0.31112.23
MinimumVisualStudioVersion = 10.0.40219.1
Project("{FAE04EC0-301F-11D3-BF4B-00C04F79EFBC}") = "Pont-Chaban", "Pont-Chaban.csproj", "{91F3A474-B8B7-40F0-8B4E-DAD4023A0690}"
EndProject
Global
	GlobalSection(SolutionConfigurationPlatforms) = preSolution
		Debug|Any CPU = Debug|Any CPU
		Release|Any CPU = Release|Any CPU
	EndGlobalSection
	GlobalSection(ProjectConfigurationPlatforms) = postSolution
		{91F3A474-B8B7-40F0-8B4E-DAD4023A0690}.Debug|Any CPU.ActiveCfg = Debug|Any CPU
		{91F3A474-B8B7-40F0-8B4E-DAD4023A0690}.Debug|Any CPU.Build.0 = Debug|Any CPU
		{91F3A474-B8B7-40F0-8B4E-DAD4023A0690}.Release|Any CPU.ActiveCfg = Release|Any CPU
		{91F3A474-B8B7-40F0-8B4E-DAD4023A0690}.Release|Any CPU.Build.0 = Release|Any CPU
	EndGlobalSection
	GlobalSection(SolutionProperties) = preSolution
		HideSolutionNode = FALSE
	EndGlobalSection
	GlobalSection(ExtensibilityGlobals) = postSolution
		SolutionGuid = {12869F0A-BFC6-428E-96B3-F73DC623A93C}
	EndGlobalSection
EndGlobal
